
Microsoft Visual Studio Solution File, Format Version 12.00
# Visual Studio Version 17
VisualStudioVersion = 17.0.32126.317
MinimumVisualStudioVersion = 10.0.40219.1
Project("{2150E333-8FDC-42A3-9474-1A3956D46DE8}") = "Building Blocks", "Building Blocks", "{7890B604-CF23-4363-8C7C-C15C80320FA4}"
EndProject
Project("{2150E333-8FDC-42A3-9474-1A3956D46DE8}") = "Services", "Services", "{0393CE58-ED78-484D-BA56-5D160094E714}"
EndProject
Project("{2150E333-8FDC-42A3-9474-1A3956D46DE8}") = "Web", "Web", "{EA13E589-EF26-4077-B20D-E39BA1CA1438}"
EndProject
Project("{2150E333-8FDC-42A3-9474-1A3956D46DE8}") = "src", "src", "{DD9C3747-2F30-42E2-B24B-1B05CE7C7FDD}"
EndProject
Project("{2150E333-8FDC-42A3-9474-1A3956D46DE8}") = "Identidade", "Identidade", "{6A1AC240-1192-4BED-93EA-708D384A96C0}"
EndProject
Project("{9A19103F-16F7-4668-BE54-9A1E7A4F7556}") = "NSE.Identidade.API", "src\services\NSE.Identidade.API\NSE.Identidade.API.csproj", "{5444774F-1AFD-4DA6-89E8-BFB03662B879}"
EndProject
Project("{2150E333-8FDC-42A3-9474-1A3956D46DE8}") = "MVC", "MVC", "{790DA41A-7B6E-4BB6-9A4C-51268506946E}"
EndProject
Project("{9A19103F-16F7-4668-BE54-9A1E7A4F7556}") = "NSE.WebApp.MVC", "src\web\NSE.WebApp.MVC\NSE.WebApp.MVC.csproj", "{303FB126-FAC9-4A6C-B0AB-88629119D36B}"
EndProject
Project("{2150E333-8FDC-42A3-9474-1A3956D46DE8}") = "Core", "Core", "{83080FA1-C755-401C-9BCB-2685E26B53CA}"
EndProject
Project("{9A19103F-16F7-4668-BE54-9A1E7A4F7556}") = "NSE.Core", "src\building blocks\NSE.Core\NSE.Core.csproj", "{A7E4D2E8-D0D1-4618-9C09-4FCDE53579C1}"
EndProject
Project("{2150E333-8FDC-42A3-9474-1A3956D46DE8}") = "Carrinho", "Carrinho", "{75D50F86-8764-403B-820C-E9480FB9A9C3}"
EndProject
Project("{2150E333-8FDC-42A3-9474-1A3956D46DE8}") = "Catalogo", "Catalogo", "{E86B883B-D03F-4222-9676-BDE261A0EAC5}"
EndProject
Project("{2150E333-8FDC-42A3-9474-1A3956D46DE8}") = "Clientes", "Clientes", "{90D88156-A924-4F08-A62D-0AC7C7FA9F05}"
EndProject
Project("{2150E333-8FDC-42A3-9474-1A3956D46DE8}") = "Pagamento", "Pagamento", "{150C9C28-D9DA-4E2A-B312-983264396D4D}"
EndProject
Project("{9A19103F-16F7-4668-BE54-9A1E7A4F7556}") = "NSE.Carrinho.API", "src\services\NSE.Carrinho.API\NSE.Carrinho.API.csproj", "{02A7B078-6676-4C83-984C-1F260CD7B2B6}"
EndProject
Project("{9A19103F-16F7-4668-BE54-9A1E7A4F7556}") = "NSE.Catalogo.API", "src\services\NSE.Catalogo.API\NSE.Catalogo.API.csproj", "{0323BA11-BE06-48D6-8178-2B8FEF3B91AC}"
EndProject
Project("{9A19103F-16F7-4668-BE54-9A1E7A4F7556}") = "NSE.Pagamentos.API", "src\services\NSE.Pagamento.API\NSE.Pagamentos.API.csproj", "{C9B7D9AF-25A0-46C6-8D8B-DC2286B92240}"
EndProject
Project("{2150E333-8FDC-42A3-9474-1A3956D46DE8}") = "Pedido", "Pedido", "{821E7BA7-18B1-492B-8F5A-B5C4EAF5349C}"
EndProject
Project("{2150E333-8FDC-42A3-9474-1A3956D46DE8}") = "Solution Items", "Solution Items", "{090B8924-C9F2-4777-B205-9824206D3A21}"
	ProjectSection(SolutionItems) = preProject
		.editorconfig = .editorconfig
	EndProjectSection
EndProject
Project("{2150E333-8FDC-42A3-9474-1A3956D46DE8}") = "Services", "Services", "{47B5A36C-0EB1-4711-AF07-60CCC59382C7}"
EndProject
Project("{9A19103F-16F7-4668-BE54-9A1E7A4F7556}") = "NSE.WebAPI.Core", "src\building blocks\NSE.WebAPI.Core\NSE.WebAPI.Core.csproj", "{F92D913C-F965-4054-8239-2892A6A9E8EB}"
EndProject
Project("{9A19103F-16F7-4668-BE54-9A1E7A4F7556}") = "NSE.Clientes.API", "src\services\NSE.Clientes.API\NSE.Clientes.API.csproj", "{C605D7C2-0F10-4BA0-A5E5-9AAD37F7EB68}"
EndProject
Project("{2150E333-8FDC-42A3-9474-1A3956D46DE8}") = "MessageBus", "MessageBus", "{889506B7-3EAC-4109-8A6D-CC37FF26DBF3}"
EndProject
Project("{9A19103F-16F7-4668-BE54-9A1E7A4F7556}") = "NSE.MessageBus", "src\building blocks\NSE.MessageBus\NSE.MessageBus.csproj", "{55E32A5C-E350-403C-BB2C-E3720EE47CA9}"
EndProject
Project("{2150E333-8FDC-42A3-9474-1A3956D46DE8}") = "Api Gateways", "Api Gateways", "{EEB9F051-75E8-442F-9981-2EF8FEB4B523}"
EndProject
Project("{2150E333-8FDC-42A3-9474-1A3956D46DE8}") = "Compras", "Compras", "{9F3CD769-BFD5-42AC-8D06-3018F4C83D81}"
EndProject
Project("{9A19103F-16F7-4668-BE54-9A1E7A4F7556}") = "NSE.Bff.Compras", "src\api gateways\NSE.Bff.Compras\NSE.Bff.Compras.csproj", "{3ED00A1E-89B1-4BFB-B92D-2C0854F9BD00}"
EndProject
Project("{9A19103F-16F7-4668-BE54-9A1E7A4F7556}") = "NSE.Pedidos.Domain", "src\services\NSE.Pedidos.Domain\NSE.Pedidos.Domain.csproj", "{6740673C-786C-4EAF-95AA-CEE9889D040B}"
EndProject
Project("{9A19103F-16F7-4668-BE54-9A1E7A4F7556}") = "NSE.Pedidos.Infra", "src\services\NSE.Pedidos.Infra\NSE.Pedidos.Infra.csproj", "{9ECA805D-AE6A-4ACA-8129-093E6A018D57}"
EndProject
Project("{9A19103F-16F7-4668-BE54-9A1E7A4F7556}") = "NSE.Pedidos.API", "src\services\NSE.Pedidos.API\NSE.Pedidos.API.csproj", "{55D3300D-7B9D-4614-9E52-B7129C7073ED}"
EndProject
Project("{9A19103F-16F7-4668-BE54-9A1E7A4F7556}") = "NSE.Pagamentos.NerdsPag", "src\services\NSE.Pagamentos.NerdsPag\NSE.Pagamentos.NerdsPag.csproj", "{47FD30EF-6B54-40D6-98F3-73E4166819A0}"
EndProject
Global
	GlobalSection(SolutionConfigurationPlatforms) = preSolution
		Debug|Any CPU = Debug|Any CPU
		Release|Any CPU = Release|Any CPU
	EndGlobalSection
	GlobalSection(ProjectConfigurationPlatforms) = postSolution
		{5444774F-1AFD-4DA6-89E8-BFB03662B879}.Debug|Any CPU.ActiveCfg = Debug|Any CPU
		{5444774F-1AFD-4DA6-89E8-BFB03662B879}.Debug|Any CPU.Build.0 = Debug|Any CPU
		{5444774F-1AFD-4DA6-89E8-BFB03662B879}.Release|Any CPU.ActiveCfg = Release|Any CPU
		{5444774F-1AFD-4DA6-89E8-BFB03662B879}.Release|Any CPU.Build.0 = Release|Any CPU
		{303FB126-FAC9-4A6C-B0AB-88629119D36B}.Debug|Any CPU.ActiveCfg = Debug|Any CPU
		{303FB126-FAC9-4A6C-B0AB-88629119D36B}.Debug|Any CPU.Build.0 = Debug|Any CPU
		{303FB126-FAC9-4A6C-B0AB-88629119D36B}.Release|Any CPU.ActiveCfg = Release|Any CPU
		{303FB126-FAC9-4A6C-B0AB-88629119D36B}.Release|Any CPU.Build.0 = Release|Any CPU
		{A7E4D2E8-D0D1-4618-9C09-4FCDE53579C1}.Debug|Any CPU.ActiveCfg = Debug|Any CPU
		{A7E4D2E8-D0D1-4618-9C09-4FCDE53579C1}.Debug|Any CPU.Build.0 = Debug|Any CPU
		{A7E4D2E8-D0D1-4618-9C09-4FCDE53579C1}.Release|Any CPU.ActiveCfg = Release|Any CPU
		{A7E4D2E8-D0D1-4618-9C09-4FCDE53579C1}.Release|Any CPU.Build.0 = Release|Any CPU
		{02A7B078-6676-4C83-984C-1F260CD7B2B6}.Debug|Any CPU.ActiveCfg = Debug|Any CPU
		{02A7B078-6676-4C83-984C-1F260CD7B2B6}.Debug|Any CPU.Build.0 = Debug|Any CPU
		{02A7B078-6676-4C83-984C-1F260CD7B2B6}.Release|Any CPU.ActiveCfg = Release|Any CPU
		{02A7B078-6676-4C83-984C-1F260CD7B2B6}.Release|Any CPU.Build.0 = Release|Any CPU
		{0323BA11-BE06-48D6-8178-2B8FEF3B91AC}.Debug|Any CPU.ActiveCfg = Debug|Any CPU
		{0323BA11-BE06-48D6-8178-2B8FEF3B91AC}.Debug|Any CPU.Build.0 = Debug|Any CPU
		{0323BA11-BE06-48D6-8178-2B8FEF3B91AC}.Release|Any CPU.ActiveCfg = Release|Any CPU
		{0323BA11-BE06-48D6-8178-2B8FEF3B91AC}.Release|Any CPU.Build.0 = Release|Any CPU
		{C9B7D9AF-25A0-46C6-8D8B-DC2286B92240}.Debug|Any CPU.ActiveCfg = Debug|Any CPU
		{C9B7D9AF-25A0-46C6-8D8B-DC2286B92240}.Debug|Any CPU.Build.0 = Debug|Any CPU
		{C9B7D9AF-25A0-46C6-8D8B-DC2286B92240}.Release|Any CPU.ActiveCfg = Release|Any CPU
		{C9B7D9AF-25A0-46C6-8D8B-DC2286B92240}.Release|Any CPU.Build.0 = Release|Any CPU
		{F92D913C-F965-4054-8239-2892A6A9E8EB}.Debug|Any CPU.ActiveCfg = Debug|Any CPU
		{F92D913C-F965-4054-8239-2892A6A9E8EB}.Debug|Any CPU.Build.0 = Debug|Any CPU
		{F92D913C-F965-4054-8239-2892A6A9E8EB}.Release|Any CPU.ActiveCfg = Release|Any CPU
		{F92D913C-F965-4054-8239-2892A6A9E8EB}.Release|Any CPU.Build.0 = Release|Any CPU
		{C605D7C2-0F10-4BA0-A5E5-9AAD37F7EB68}.Debug|Any CPU.ActiveCfg = Debug|Any CPU
		{C605D7C2-0F10-4BA0-A5E5-9AAD37F7EB68}.Debug|Any CPU.Build.0 = Debug|Any CPU
		{C605D7C2-0F10-4BA0-A5E5-9AAD37F7EB68}.Release|Any CPU.ActiveCfg = Release|Any CPU
		{C605D7C2-0F10-4BA0-A5E5-9AAD37F7EB68}.Release|Any CPU.Build.0 = Release|Any CPU
		{55E32A5C-E350-403C-BB2C-E3720EE47CA9}.Debug|Any CPU.ActiveCfg = Debug|Any CPU
		{55E32A5C-E350-403C-BB2C-E3720EE47CA9}.Debug|Any CPU.Build.0 = Debug|Any CPU
		{55E32A5C-E350-403C-BB2C-E3720EE47CA9}.Release|Any CPU.ActiveCfg = Release|Any CPU
		{55E32A5C-E350-403C-BB2C-E3720EE47CA9}.Release|Any CPU.Build.0 = Release|Any CPU
		{3ED00A1E-89B1-4BFB-B92D-2C0854F9BD00}.Debug|Any CPU.ActiveCfg = Debug|Any CPU
		{3ED00A1E-89B1-4BFB-B92D-2C0854F9BD00}.Debug|Any CPU.Build.0 = Debug|Any CPU
		{3ED00A1E-89B1-4BFB-B92D-2C0854F9BD00}.Release|Any CPU.ActiveCfg = Release|Any CPU
		{3ED00A1E-89B1-4BFB-B92D-2C0854F9BD00}.Release|Any CPU.Build.0 = Release|Any CPU
		{6740673C-786C-4EAF-95AA-CEE9889D040B}.Debug|Any CPU.ActiveCfg = Debug|Any CPU
		{6740673C-786C-4EAF-95AA-CEE9889D040B}.Debug|Any CPU.Build.0 = Debug|Any CPU
		{6740673C-786C-4EAF-95AA-CEE9889D040B}.Release|Any CPU.ActiveCfg = Release|Any CPU
		{6740673C-786C-4EAF-95AA-CEE9889D040B}.Release|Any CPU.Build.0 = Release|Any CPU
		{9ECA805D-AE6A-4ACA-8129-093E6A018D57}.Debug|Any CPU.ActiveCfg = Debug|Any CPU
		{9ECA805D-AE6A-4ACA-8129-093E6A018D57}.Debug|Any CPU.Build.0 = Debug|Any CPU
		{9ECA805D-AE6A-4ACA-8129-093E6A018D57}.Release|Any CPU.ActiveCfg = Release|Any CPU
		{9ECA805D-AE6A-4ACA-8129-093E6A018D57}.Release|Any CPU.Build.0 = Release|Any CPU
		{55D3300D-7B9D-4614-9E52-B7129C7073ED}.Debug|Any CPU.ActiveCfg = Debug|Any CPU
		{55D3300D-7B9D-4614-9E52-B7129C7073ED}.Debug|Any CPU.Build.0 = Debug|Any CPU
		{55D3300D-7B9D-4614-9E52-B7129C7073ED}.Release|Any CPU.ActiveCfg = Release|Any CPU
		{55D3300D-7B9D-4614-9E52-B7129C7073ED}.Release|Any CPU.Build.0 = Release|Any CPU
		{47FD30EF-6B54-40D6-98F3-73E4166819A0}.Debug|Any CPU.ActiveCfg = Debug|Any CPU
		{47FD30EF-6B54-40D6-98F3-73E4166819A0}.Debug|Any CPU.Build.0 = Debug|Any CPU
		{47FD30EF-6B54-40D6-98F3-73E4166819A0}.Release|Any CPU.ActiveCfg = Release|Any CPU
		{47FD30EF-6B54-40D6-98F3-73E4166819A0}.Release|Any CPU.Build.0 = Release|Any CPU
	EndGlobalSection
	GlobalSection(SolutionProperties) = preSolution
		HideSolutionNode = FALSE
	EndGlobalSection
	GlobalSection(NestedProjects) = preSolution
		{7890B604-CF23-4363-8C7C-C15C80320FA4} = {DD9C3747-2F30-42E2-B24B-1B05CE7C7FDD}
		{0393CE58-ED78-484D-BA56-5D160094E714} = {DD9C3747-2F30-42E2-B24B-1B05CE7C7FDD}
		{EA13E589-EF26-4077-B20D-E39BA1CA1438} = {DD9C3747-2F30-42E2-B24B-1B05CE7C7FDD}
		{6A1AC240-1192-4BED-93EA-708D384A96C0} = {0393CE58-ED78-484D-BA56-5D160094E714}
		{5444774F-1AFD-4DA6-89E8-BFB03662B879} = {6A1AC240-1192-4BED-93EA-708D384A96C0}
		{790DA41A-7B6E-4BB6-9A4C-51268506946E} = {EA13E589-EF26-4077-B20D-E39BA1CA1438}
		{303FB126-FAC9-4A6C-B0AB-88629119D36B} = {790DA41A-7B6E-4BB6-9A4C-51268506946E}
		{83080FA1-C755-401C-9BCB-2685E26B53CA} = {7890B604-CF23-4363-8C7C-C15C80320FA4}
		{A7E4D2E8-D0D1-4618-9C09-4FCDE53579C1} = {83080FA1-C755-401C-9BCB-2685E26B53CA}
		{75D50F86-8764-403B-820C-E9480FB9A9C3} = {0393CE58-ED78-484D-BA56-5D160094E714}
		{E86B883B-D03F-4222-9676-BDE261A0EAC5} = {0393CE58-ED78-484D-BA56-5D160094E714}
		{90D88156-A924-4F08-A62D-0AC7C7FA9F05} = {0393CE58-ED78-484D-BA56-5D160094E714}
		{150C9C28-D9DA-4E2A-B312-983264396D4D} = {0393CE58-ED78-484D-BA56-5D160094E714}
		{02A7B078-6676-4C83-984C-1F260CD7B2B6} = {75D50F86-8764-403B-820C-E9480FB9A9C3}
		{0323BA11-BE06-48D6-8178-2B8FEF3B91AC} = {E86B883B-D03F-4222-9676-BDE261A0EAC5}
		{C9B7D9AF-25A0-46C6-8D8B-DC2286B92240} = {150C9C28-D9DA-4E2A-B312-983264396D4D}
		{821E7BA7-18B1-492B-8F5A-B5C4EAF5349C} = {0393CE58-ED78-484D-BA56-5D160094E714}
		{47B5A36C-0EB1-4711-AF07-60CCC59382C7} = {7890B604-CF23-4363-8C7C-C15C80320FA4}
		{F92D913C-F965-4054-8239-2892A6A9E8EB} = {47B5A36C-0EB1-4711-AF07-60CCC59382C7}
		{C605D7C2-0F10-4BA0-A5E5-9AAD37F7EB68} = {90D88156-A924-4F08-A62D-0AC7C7FA9F05}
		{889506B7-3EAC-4109-8A6D-CC37FF26DBF3} = {7890B604-CF23-4363-8C7C-C15C80320FA4}
		{55E32A5C-E350-403C-BB2C-E3720EE47CA9} = {889506B7-3EAC-4109-8A6D-CC37FF26DBF3}
		{EEB9F051-75E8-442F-9981-2EF8FEB4B523} = {DD9C3747-2F30-42E2-B24B-1B05CE7C7FDD}
		{9F3CD769-BFD5-42AC-8D06-3018F4C83D81} = {EEB9F051-75E8-442F-9981-2EF8FEB4B523}
		{3ED00A1E-89B1-4BFB-B92D-2C0854F9BD00} = {9F3CD769-BFD5-42AC-8D06-3018F4C83D81}
		{6740673C-786C-4EAF-95AA-CEE9889D040B} = {821E7BA7-18B1-492B-8F5A-B5C4EAF5349C}
		{9ECA805D-AE6A-4ACA-8129-093E6A018D57} = {821E7BA7-18B1-492B-8F5A-B5C4EAF5349C}
		{55D3300D-7B9D-4614-9E52-B7129C7073ED} = {821E7BA7-18B1-492B-8F5A-B5C4EAF5349C}
		{47FD30EF-6B54-40D6-98F3-73E4166819A0} = {150C9C28-D9DA-4E2A-B312-983264396D4D}
	EndGlobalSection
	GlobalSection(ExtensibilityGlobals) = postSolution
		SolutionGuid = {E80D07EB-885F-43EE-A57C-CD225A45942B}
	EndGlobalSection
EndGlobal
