
Microsoft Visual Studio Solution File, Format Version 12.00
# Visual Studio Version 17
VisualStudioVersion = 17.0.32126.317
MinimumVisualStudioVersion = 10.0.40219.1
Project("{2150E333-8FDC-42A3-9474-1A3956D46DE8}") = "Building Blocks", "Building Blocks", "{7890B604-CF23-4363-8C7C-C15C80320FA4}"
EndProject
Project("{2150E333-8FDC-42A3-9474-1A3956D46DE8}") = "Services", "Services", "{0393CE58-ED78-484D-BA56-5D160094E714}"
EndProject
Project("{2150E333-8FDC-42A3-9474-1A3956D46DE8}") = "Web", "Web", "{EA13E589-EF26-4077-B20D-E39BA1CA1438}"
EndProject
Project("{2150E333-8FDC-42A3-9474-1A3956D46DE8}") = "src", "src", "{DD9C3747-2F30-42E2-B24B-1B05CE7C7FDD}"
EndProject
Project("{2150E333-8FDC-42A3-9474-1A3956D46DE8}") = "Identidade", "Identidade", "{6A1AC240-1192-4BED-93EA-708D384A96C0}"
EndProject
Project("{2150E333-8FDC-42A3-9474-1A3956D46DE8}") = "MVC", "MVC", "{790DA41A-7B6E-4BB6-9A4C-51268506946E}"
EndProject
Project("{2150E333-8FDC-42A3-9474-1A3956D46DE8}") = "Core", "Core", "{83080FA1-C755-401C-9BCB-2685E26B53CA}"
EndProject
Project("{2150E333-8FDC-42A3-9474-1A3956D46DE8}") = "Carrinho", "Carrinho", "{75D50F86-8764-403B-820C-E9480FB9A9C3}"
EndProject
Project("{2150E333-8FDC-42A3-9474-1A3956D46DE8}") = "Catalogo", "Catalogo", "{E86B883B-D03F-4222-9676-BDE261A0EAC5}"
EndProject
Project("{2150E333-8FDC-42A3-9474-1A3956D46DE8}") = "Clientes", "Clientes", "{90D88156-A924-4F08-A62D-0AC7C7FA9F05}"
EndProject
Project("{2150E333-8FDC-42A3-9474-1A3956D46DE8}") = "Pagamento", "Pagamento", "{150C9C28-D9DA-4E2A-B312-983264396D4D}"
EndProject
Project("{2150E333-8FDC-42A3-9474-1A3956D46DE8}") = "Pedido", "Pedido", "{821E7BA7-18B1-492B-8F5A-B5C4EAF5349C}"
EndProject
Project("{2150E333-8FDC-42A3-9474-1A3956D46DE8}") = "Solution Items", "Solution Items", "{090B8924-C9F2-4777-B205-9824206D3A21}"
	ProjectSection(SolutionItems) = preProject
		.editorconfig = .editorconfig
		NerdstoreEnterprise.props = NerdstoreEnterprise.props
	EndProjectSection
EndProject
Project("{2150E333-8FDC-42A3-9474-1A3956D46DE8}") = "Services", "Services", "{47B5A36C-0EB1-4711-AF07-60CCC59382C7}"
EndProject
Project("{2150E333-8FDC-42A3-9474-1A3956D46DE8}") = "Api Gateways", "Api Gateways", "{EEB9F051-75E8-442F-9981-2EF8FEB4B523}"
EndProject
Project("{2150E333-8FDC-42A3-9474-1A3956D46DE8}") = "Compras", "Compras", "{9F3CD769-BFD5-42AC-8D06-3018F4C83D81}"
EndProject
Project("{2150E333-8FDC-42A3-9474-1A3956D46DE8}") = "tests", "tests", "{15CE7448-7B4E-48A3-AFAE-FB632E35F674}"
EndProject
Project("{2150E333-8FDC-42A3-9474-1A3956D46DE8}") = ".github", ".github", "{CEEE9629-6D46-4794-9FF6-C4F21184540F}"
EndProject
Project("{2150E333-8FDC-42A3-9474-1A3956D46DE8}") = "workflows", "workflows", "{E52BA1F2-0D31-415B-851B-631B7F18E9E6}"
EndProject
Project("{2150E333-8FDC-42A3-9474-1A3956D46DE8}") = "tests", "tests", "{033179E3-DD79-44CF-BC81-B32F149DCEED}"
	ProjectSection(SolutionItems) = preProject
		tests\docker-compose.tests.yml = tests\docker-compose.tests.yml
	EndProjectSection
EndProject
Project("{2150E333-8FDC-42A3-9474-1A3956D46DE8}") = "Services", "Services", "{5299575B-362F-41C2-8A6E-38F28B274035}"
EndProject
Project("{2150E333-8FDC-42A3-9474-1A3956D46DE8}") = "Carrinho", "Carrinho", "{7A73D2DE-F85D-4D37-8A62-9BF5D1ABA078}"
EndProject
Project("{2150E333-8FDC-42A3-9474-1A3956D46DE8}") = "docker", "docker", "{00D61854-277A-4A8A-8DC1-200D29271487}"
	ProjectSection(SolutionItems) = preProject
		docker\docker-compose.development.yml = docker\docker-compose.development.yml
		docker\nerdstore_producao.yml = docker\nerdstore_producao.yml
	EndProjectSection
EndProject
Project("{2150E333-8FDC-42A3-9474-1A3956D46DE8}") = "sql", "sql", "{2FF97881-B761-4244-A5E6-1D588DDA270B}"
	ProjectSection(SolutionItems) = preProject
		sql\criacao-banco-docker-v1.sql = sql\criacao-banco-docker-v1.sql
		sql\criacao-banco-docker-v2.sql = sql\criacao-banco-docker-v2.sql
		sql\Dockerfile = sql\Dockerfile
		sql\entrypoint.sh = sql\entrypoint.sh
		sql\import-data.sh = sql\import-data.sh
	EndProjectSection
EndProject
Project("{E53339B2-1760-4266-BCC7-CA923CBCF16C}") = "docker-compose", "docker-compose.dcproj", "{0F86A43B-4DC6-473C-AA61-49E571369810}"
EndProject
Project("{FAE04EC0-301F-11D3-BF4B-00C04F79EFBC}") = "NSE.Core", "building-blocks\NSE.Core\NSE.Core.csproj", "{DD5AA1A0-3141-7E22-96E2-05598806398E}"
EndProject
Project("{FAE04EC0-301F-11D3-BF4B-00C04F79EFBC}") = "NSE.WebAPI.Core", "building-blocks\NSE.WebAPI.Core\NSE.WebAPI.Core.csproj", "{AC0A420B-B19B-DBBA-753E-222AE3BB357D}"
EndProject
Project("{FAE04EC0-301F-11D3-BF4B-00C04F79EFBC}") = "NSE.Carrinho.API", "carrinho\NSE.Carrinho.API\NSE.Carrinho.API.csproj", "{6CE12FD0-C7DD-CC53-3896-9E776F8E6F47}"
EndProject
Project("{FAE04EC0-301F-11D3-BF4B-00C04F79EFBC}") = "NSE.Catalogo.API", "catalogo\NSE.Catalogo.API\NSE.Catalogo.API.csproj", "{143BD1B6-91BB-6FF5-FD34-14AFB26115C9}"
EndProject
Project("{FAE04EC0-301F-11D3-BF4B-00C04F79EFBC}") = "NSE.Clientes.API", "clientes\NSE.Clientes.API\NSE.Clientes.API.csproj", "{859689E1-4C74-A3BF-F5C4-DDF528852324}"
EndProject
Project("{FAE04EC0-301F-11D3-BF4B-00C04F79EFBC}") = "NSE.Identidade.API", "identidade\NSE.Identidade.API\NSE.Identidade.API.csproj", "{3AB8E295-6B0E-F9A7-9738-CD9A43D5C6A1}"
EndProject
Project("{FAE04EC0-301F-11D3-BF4B-00C04F79EFBC}") = "NSE.Pagamentos.API", "pagamentos\NSE.Pagamentos.API\NSE.Pagamentos.API.csproj", "{11173E32-7C5D-00C7-F884-619F599158EE}"
EndProject
Project("{FAE04EC0-301F-11D3-BF4B-00C04F79EFBC}") = "NSE.Pagamentos.NerdsPag", "pagamentos\NSE.Pagamentos.NerdsPag\NSE.Pagamentos.NerdsPag.csproj", "{46E6CD6F-D464-24DA-5D44-2FB4E63E12BB}"
EndProject
Project("{FAE04EC0-301F-11D3-BF4B-00C04F79EFBC}") = "NSE.Pedidos.API", "pedidos\NSE.Pedidos.API\NSE.Pedidos.API.csproj", "{C521B0CC-E9BD-3949-086D-CF8890E3D42D}"
EndProject
Project("{FAE04EC0-301F-11D3-BF4B-00C04F79EFBC}") = "NSE.Pedidos.Domain", "pedidos\NSE.Pedidos.Domain\NSE.Pedidos.Domain.csproj", "{3E30A316-308C-03CC-8B39-BD0FB2335960}"
EndProject
Project("{FAE04EC0-301F-11D3-BF4B-00C04F79EFBC}") = "NSE.Pedidos.Infra", "pedidos\NSE.Pedidos.Infra\NSE.Pedidos.Infra.csproj", "{A761C7CF-E1E2-C2EB-097F-E13754B8399F}"
EndProject
Project("{FAE04EC0-301F-11D3-BF4B-00C04F79EFBC}") = "NSE.WebApp.MVC", "website\NSE.WebApp.MVC\NSE.WebApp.MVC.csproj", "{C8AA5CA9-AEC4-4EE1-BA07-E5D993A4003F}"
EndProject
Project("{FAE04EC0-301F-11D3-BF4B-00C04F79EFBC}") = "NSE.Bff.Compras", "api-gateways\NSE.Bff.Compras\NSE.Bff.Compras.csproj", "{630BCB34-8E90-954D-1560-B78064677027}"
EndProject
Global
	GlobalSection(SolutionConfigurationPlatforms) = preSolution
		Debug|Any CPU = Debug|Any CPU
		Release|Any CPU = Release|Any CPU
	EndGlobalSection
	GlobalSection(ProjectConfigurationPlatforms) = postSolution
		{0F86A43B-4DC6-473C-AA61-49E571369810}.Debug|Any CPU.ActiveCfg = Debug|Any CPU
		{0F86A43B-4DC6-473C-AA61-49E571369810}.Debug|Any CPU.Build.0 = Debug|Any CPU
		{0F86A43B-4DC6-473C-AA61-49E571369810}.Release|Any CPU.ActiveCfg = Release|Any CPU
		{0F86A43B-4DC6-473C-AA61-49E571369810}.Release|Any CPU.Build.0 = Release|Any CPU
		{DD5AA1A0-3141-7E22-96E2-05598806398E}.Debug|Any CPU.ActiveCfg = Debug|Any CPU
		{DD5AA1A0-3141-7E22-96E2-05598806398E}.Debug|Any CPU.Build.0 = Debug|Any CPU
		{DD5AA1A0-3141-7E22-96E2-05598806398E}.Release|Any CPU.ActiveCfg = Release|Any CPU
		{DD5AA1A0-3141-7E22-96E2-05598806398E}.Release|Any CPU.Build.0 = Release|Any CPU
		{AC0A420B-B19B-DBBA-753E-222AE3BB357D}.Debug|Any CPU.ActiveCfg = Debug|Any CPU
		{AC0A420B-B19B-DBBA-753E-222AE3BB357D}.Debug|Any CPU.Build.0 = Debug|Any CPU
		{AC0A420B-B19B-DBBA-753E-222AE3BB357D}.Release|Any CPU.ActiveCfg = Release|Any CPU
		{AC0A420B-B19B-DBBA-753E-222AE3BB357D}.Release|Any CPU.Build.0 = Release|Any CPU
		{6CE12FD0-C7DD-CC53-3896-9E776F8E6F47}.Debug|Any CPU.ActiveCfg = Debug|Any CPU
		{6CE12FD0-C7DD-CC53-3896-9E776F8E6F47}.Debug|Any CPU.Build.0 = Debug|Any CPU
		{6CE12FD0-C7DD-CC53-3896-9E776F8E6F47}.Release|Any CPU.ActiveCfg = Release|Any CPU
		{6CE12FD0-C7DD-CC53-3896-9E776F8E6F47}.Release|Any CPU.Build.0 = Release|Any CPU
		{143BD1B6-91BB-6FF5-FD34-14AFB26115C9}.Debug|Any CPU.ActiveCfg = Debug|Any CPU
		{143BD1B6-91BB-6FF5-FD34-14AFB26115C9}.Debug|Any CPU.Build.0 = Debug|Any CPU
		{143BD1B6-91BB-6FF5-FD34-14AFB26115C9}.Release|Any CPU.ActiveCfg = Release|Any CPU
		{143BD1B6-91BB-6FF5-FD34-14AFB26115C9}.Release|Any CPU.Build.0 = Release|Any CPU
		{859689E1-4C74-A3BF-F5C4-DDF528852324}.Debug|Any CPU.ActiveCfg = Debug|Any CPU
		{859689E1-4C74-A3BF-F5C4-DDF528852324}.Debug|Any CPU.Build.0 = Debug|Any CPU
		{859689E1-4C74-A3BF-F5C4-DDF528852324}.Release|Any CPU.ActiveCfg = Release|Any CPU
		{859689E1-4C74-A3BF-F5C4-DDF528852324}.Release|Any CPU.Build.0 = Release|Any CPU
		{3AB8E295-6B0E-F9A7-9738-CD9A43D5C6A1}.Debug|Any CPU.ActiveCfg = Debug|Any CPU
		{3AB8E295-6B0E-F9A7-9738-CD9A43D5C6A1}.Debug|Any CPU.Build.0 = Debug|Any CPU
		{3AB8E295-6B0E-F9A7-9738-CD9A43D5C6A1}.Release|Any CPU.ActiveCfg = Release|Any CPU
		{3AB8E295-6B0E-F9A7-9738-CD9A43D5C6A1}.Release|Any CPU.Build.0 = Release|Any CPU
		{11173E32-7C5D-00C7-F884-619F599158EE}.Debug|Any CPU.ActiveCfg = Debug|Any CPU
		{11173E32-7C5D-00C7-F884-619F599158EE}.Debug|Any CPU.Build.0 = Debug|Any CPU
		{11173E32-7C5D-00C7-F884-619F599158EE}.Release|Any CPU.ActiveCfg = Release|Any CPU
		{11173E32-7C5D-00C7-F884-619F599158EE}.Release|Any CPU.Build.0 = Release|Any CPU
		{46E6CD6F-D464-24DA-5D44-2FB4E63E12BB}.Debug|Any CPU.ActiveCfg = Debug|Any CPU
		{46E6CD6F-D464-24DA-5D44-2FB4E63E12BB}.Debug|Any CPU.Build.0 = Debug|Any CPU
		{46E6CD6F-D464-24DA-5D44-2FB4E63E12BB}.Release|Any CPU.ActiveCfg = Release|Any CPU
		{46E6CD6F-D464-24DA-5D44-2FB4E63E12BB}.Release|Any CPU.Build.0 = Release|Any CPU
		{C521B0CC-E9BD-3949-086D-CF8890E3D42D}.Debug|Any CPU.ActiveCfg = Debug|Any CPU
		{C521B0CC-E9BD-3949-086D-CF8890E3D42D}.Debug|Any CPU.Build.0 = Debug|Any CPU
		{C521B0CC-E9BD-3949-086D-CF8890E3D42D}.Release|Any CPU.ActiveCfg = Release|Any CPU
		{C521B0CC-E9BD-3949-086D-CF8890E3D42D}.Release|Any CPU.Build.0 = Release|Any CPU
		{3E30A316-308C-03CC-8B39-BD0FB2335960}.Debug|Any CPU.ActiveCfg = Debug|Any CPU
		{3E30A316-308C-03CC-8B39-BD0FB2335960}.Debug|Any CPU.Build.0 = Debug|Any CPU
		{3E30A316-308C-03CC-8B39-BD0FB2335960}.Release|Any CPU.ActiveCfg = Release|Any CPU
		{3E30A316-308C-03CC-8B39-BD0FB2335960}.Release|Any CPU.Build.0 = Release|Any CPU
		{A761C7CF-E1E2-C2EB-097F-E13754B8399F}.Debug|Any CPU.ActiveCfg = Debug|Any CPU
		{A761C7CF-E1E2-C2EB-097F-E13754B8399F}.Debug|Any CPU.Build.0 = Debug|Any CPU
		{A761C7CF-E1E2-C2EB-097F-E13754B8399F}.Release|Any CPU.ActiveCfg = Release|Any CPU
		{A761C7CF-E1E2-C2EB-097F-E13754B8399F}.Release|Any CPU.Build.0 = Release|Any CPU
		{C8AA5CA9-AEC4-4EE1-BA07-E5D993A4003F}.Debug|Any CPU.ActiveCfg = Debug|Any CPU
		{C8AA5CA9-AEC4-4EE1-BA07-E5D993A4003F}.Debug|Any CPU.Build.0 = Debug|Any CPU
		{C8AA5CA9-AEC4-4EE1-BA07-E5D993A4003F}.Release|Any CPU.ActiveCfg = Release|Any CPU
		{C8AA5CA9-AEC4-4EE1-BA07-E5D993A4003F}.Release|Any CPU.Build.0 = Release|Any CPU
		{630BCB34-8E90-954D-1560-B78064677027}.Debug|Any CPU.ActiveCfg = Debug|Any CPU
		{630BCB34-8E90-954D-1560-B78064677027}.Debug|Any CPU.Build.0 = Debug|Any CPU
		{630BCB34-8E90-954D-1560-B78064677027}.Release|Any CPU.ActiveCfg = Release|Any CPU
		{630BCB34-8E90-954D-1560-B78064677027}.Release|Any CPU.Build.0 = Release|Any CPU
	EndGlobalSection
	GlobalSection(SolutionProperties) = preSolution
		HideSolutionNode = FALSE
	EndGlobalSection
	GlobalSection(NestedProjects) = preSolution
		{7890B604-CF23-4363-8C7C-C15C80320FA4} = {DD9C3747-2F30-42E2-B24B-1B05CE7C7FDD}
		{0393CE58-ED78-484D-BA56-5D160094E714} = {DD9C3747-2F30-42E2-B24B-1B05CE7C7FDD}
		{EA13E589-EF26-4077-B20D-E39BA1CA1438} = {DD9C3747-2F30-42E2-B24B-1B05CE7C7FDD}
		{6A1AC240-1192-4BED-93EA-708D384A96C0} = {0393CE58-ED78-484D-BA56-5D160094E714}
		{790DA41A-7B6E-4BB6-9A4C-51268506946E} = {EA13E589-EF26-4077-B20D-E39BA1CA1438}
		{83080FA1-C755-401C-9BCB-2685E26B53CA} = {7890B604-CF23-4363-8C7C-C15C80320FA4}
		{75D50F86-8764-403B-820C-E9480FB9A9C3} = {0393CE58-ED78-484D-BA56-5D160094E714}
		{E86B883B-D03F-4222-9676-BDE261A0EAC5} = {0393CE58-ED78-484D-BA56-5D160094E714}
		{90D88156-A924-4F08-A62D-0AC7C7FA9F05} = {0393CE58-ED78-484D-BA56-5D160094E714}
		{150C9C28-D9DA-4E2A-B312-983264396D4D} = {0393CE58-ED78-484D-BA56-5D160094E714}
		{821E7BA7-18B1-492B-8F5A-B5C4EAF5349C} = {0393CE58-ED78-484D-BA56-5D160094E714}
		{47B5A36C-0EB1-4711-AF07-60CCC59382C7} = {7890B604-CF23-4363-8C7C-C15C80320FA4}
		{EEB9F051-75E8-442F-9981-2EF8FEB4B523} = {DD9C3747-2F30-42E2-B24B-1B05CE7C7FDD}
		{9F3CD769-BFD5-42AC-8D06-3018F4C83D81} = {EEB9F051-75E8-442F-9981-2EF8FEB4B523}
		{CEEE9629-6D46-4794-9FF6-C4F21184540F} = {090B8924-C9F2-4777-B205-9824206D3A21}
		{E52BA1F2-0D31-415B-851B-631B7F18E9E6} = {CEEE9629-6D46-4794-9FF6-C4F21184540F}
		{033179E3-DD79-44CF-BC81-B32F149DCEED} = {090B8924-C9F2-4777-B205-9824206D3A21}
		{5299575B-362F-41C2-8A6E-38F28B274035} = {15CE7448-7B4E-48A3-AFAE-FB632E35F674}
		{7A73D2DE-F85D-4D37-8A62-9BF5D1ABA078} = {5299575B-362F-41C2-8A6E-38F28B274035}
		{00D61854-277A-4A8A-8DC1-200D29271487} = {090B8924-C9F2-4777-B205-9824206D3A21}
		{2FF97881-B761-4244-A5E6-1D588DDA270B} = {090B8924-C9F2-4777-B205-9824206D3A21}
		{DD5AA1A0-3141-7E22-96E2-05598806398E} = {83080FA1-C755-401C-9BCB-2685E26B53CA}
		{AC0A420B-B19B-DBBA-753E-222AE3BB357D} = {47B5A36C-0EB1-4711-AF07-60CCC59382C7}
		{6CE12FD0-C7DD-CC53-3896-9E776F8E6F47} = {75D50F86-8764-403B-820C-E9480FB9A9C3}
		{143BD1B6-91BB-6FF5-FD34-14AFB26115C9} = {E86B883B-D03F-4222-9676-BDE261A0EAC5}
		{859689E1-4C74-A3BF-F5C4-DDF528852324} = {90D88156-A924-4F08-A62D-0AC7C7FA9F05}
		{3AB8E295-6B0E-F9A7-9738-CD9A43D5C6A1} = {6A1AC240-1192-4BED-93EA-708D384A96C0}
		{11173E32-7C5D-00C7-F884-619F599158EE} = {150C9C28-D9DA-4E2A-B312-983264396D4D}
		{46E6CD6F-D464-24DA-5D44-2FB4E63E12BB} = {150C9C28-D9DA-4E2A-B312-983264396D4D}
		{C521B0CC-E9BD-3949-086D-CF8890E3D42D} = {821E7BA7-18B1-492B-8F5A-B5C4EAF5349C}
		{3E30A316-308C-03CC-8B39-BD0FB2335960} = {821E7BA7-18B1-492B-8F5A-B5C4EAF5349C}
		{A761C7CF-E1E2-C2EB-097F-E13754B8399F} = {821E7BA7-18B1-492B-8F5A-B5C4EAF5349C}
		{C8AA5CA9-AEC4-4EE1-BA07-E5D993A4003F} = {790DA41A-7B6E-4BB6-9A4C-51268506946E}
		{630BCB34-8E90-954D-1560-B78064677027} = {9F3CD769-BFD5-42AC-8D06-3018F4C83D81}
	EndGlobalSection
	GlobalSection(ExtensibilityGlobals) = postSolution
		SolutionGuid = {E80D07EB-885F-43EE-A57C-CD225A45942B}
	EndGlobalSection
EndGlobal
